lock-version = "1"

[[task]]
id = "src/feasibility_data/common/redcap/task_download_data_dict.py::task_download_data_dict"
state = "18007c64e05f2b2b9e2374bcd97a9e8d162a4a2ad9291d94de31e1c3def7baf3"

[task.depends_on]

[task.produces]
"bld/redcap/data_dictionary.json" = "d5ab2497f3a13fcff527931e7cf24f9ec65a44c401c379c3ab1a72722761fa89"

[[task]]
id = "src/feasibility_data/common/redcap/task_preprocess_data_dict.py::task_preprocess_data_dict"
state = "51be46d127b4cb0f0a4b8a83f8fb996562a11a2a00160a99c43c89ae6729942d"

[task.depends_on]
"bld/redcap/data_dictionary.json" = "d5ab2497f3a13fcff527931e7cf24f9ec65a44c401c379c3ab1a72722761fa89"

[task.produces]
"bld/redcap/data_dictionary_preprocessed.json" = "d117d5df9e145fd08850fd2331946a072b755e2b14362859dc5e33a6882fa8c7"

[[task]]
id = "src/feasibility_data/data/redcap/task_download_data.py::task_download_data"
state = "af82f2fc4d94c20eb0100250eae0f04981b61f3594f032f1046561d63ccf0b0e"

[task.depends_on]

[task.produces]
"raw/redcap/2026-05-20T11-37-41.csv.gz" = "41276b72fce4100591a8b880dd56fab0e6e2ca5540a0ae59d888d4841d3bf6a8"

[[task]]
id = "src/feasibility_data/data/redcap/task_download_event_info.py::task_download_event_info"
state = "5ed89da20fc61509d6fb47fb1aa48325232d889b8357706f35aa27478203266d"

[task.depends_on]

[task.produces]
"bld/redcap/event_info.json" = "8cb9b05b505105db27e2e373621f65b72d2f8b1fc9f1438f2f761b33e28b3f97"

[[task]]
id = "src/feasibility_data/data/redcap/task_download_repeating_forms.py::task_download_repeating_forms"
state = "5acc56f74e999cffddaef3ced455af08e728207b2cfb84995cf8ab65de15fee6"

[task.depends_on]

[task.produces]
"bld/redcap/repeating_forms.json" = "394c721314412ffa4c34b287496542eb8b299a5f7e5eeeec2e920dcf6fea6e19"

[[task]]
id = "src/feasibility_data/data/redcap/task_split_resources.py::task_split_resources"
state = "129cbb978d125a5dbafe77b7695b1abc70afec1d358489a287b259334f605d98"

[task.depends_on]
"bld/redcap/data_dictionary_preprocessed.json" = "d117d5df9e145fd08850fd2331946a072b755e2b14362859dc5e33a6882fa8c7"
"bld/redcap/repeating_forms.json" = "394c721314412ffa4c34b287496542eb8b299a5f7e5eeeec2e920dcf6fea6e19"
"raw/redcap/2026-05-20T11-37-41.csv.gz" = "41276b72fce4100591a8b880dd56fab0e6e2ca5540a0ae59d888d4841d3bf6a8"

[task.produces]
"bld/redcap/resources/adverse_events/2026-05-20T11-37-41.parquet" = "a8cd5c6c7cb13b0904f613ec36063489813ff36cf1382e883d13f7582b8f36c0"
"bld/redcap/resources/bedq/2026-05-20T11-37-41.parquet" = "7795c01b2d3f483715f2f64e64ddd1b414c79043440d011b6241835cea17d55e"
"bld/redcap/resources/besg_1_screening/2026-05-20T11-37-41.parquet" = "af328ec935e5ce54c07faecea01a45b70725445eab35917d51d6f8f7ccc41710"
"bld/redcap/resources/besgsdag_10_5f76/2026-05-20T11-37-41.parquet" = "96cb0793052a43fc55e5ae4e36bdefedd86c3d330579e17d9bc207690f6e5075"
"bld/redcap/resources/besgsdag_5/2026-05-20T11-37-41.parquet" = "bd5d68890077deae4e2ebdb05e33a475343492ac24962d5ba37b18893a434400"
"bld/redcap/resources/besgsdag_6/2026-05-20T11-37-41.parquet" = "7f574fc01bdc2d3cdb235a1324cf0a3db77137f86539dcf4b285a4d768eb3982"
"bld/redcap/resources/besgsdag_7/2026-05-20T11-37-41.parquet" = "465cace836d69ebde5acf76e509ccd578b7e1070fe3291c08615dbf63c044dc8"
"bld/redcap/resources/besgsdag_8/2026-05-20T11-37-41.parquet" = "f708bfe46a94551721148df3838a81abca5ce9d0952600ac7effa0708ffb9cb6"
"bld/redcap/resources/besoegsdag_2/2026-05-20T11-37-41.parquet" = "2401472089a824ce3c208fe5266f11216b08784945c924ca35d86f988e16ca74"
"bld/redcap/resources/besoegsdag_3/2026-05-20T11-37-41.parquet" = "1a75b778b1137502fbf995ebba006aae4a274df10b3003bfc8e178be2e7f6336"
"bld/redcap/resources/besoegsdag_4/2026-05-20T11-37-41.parquet" = "7c27e8a58fa1c3822e080783941211592fe06b9ef55f7eeee4ae5d4353163e01"
"bld/redcap/resources/besoegsdag_9/2026-05-20T11-37-41.parquet" = "5cfae64d88f2c2095b260846f1da2a9fa7a05093fd996ec4048923abf36a6ff1"
"bld/redcap/resources/bookinger/2026-05-20T11-37-41.parquet" = "2b67d0ee2e533d95bd4e72070e45681149f243e947356bda7bb20a4faa9cdbbf"
"bld/redcap/resources/diabetes_distress_paid5_scale/2026-05-20T11-37-41.parquet" = "c082ce38c4cfb31abc1f1f607547e248a6983e8e4cb56ce9544c431a00c89056"
"bld/redcap/resources/diabetes_status/2026-05-20T11-37-41.parquet" = "dd9e56996554f2cf7ba9b5ae56a0607521b9e9b2d46d2b3b603d57dc453c9ea0"
"bld/redcap/resources/ekstra_kontakt/2026-05-20T11-37-41.parquet" = "0d38ae9f01a4ffaa92f24774998b3cda78b11963038367ec10ae50920b4b12fd"
"bld/redcap/resources/european_quality_of_life_5_dimensions_eq5d5l/2026-05-20T11-37-41.parquet" = "89da3ddcde0d57345bb094231b3b0e35b51fac7596d0782bfd31055500a5a432"
"bld/redcap/resources/fase_1_ditetiske_afvigelser/2026-05-20T11-37-41.parquet" = "2977a91f33540046e6ab1b07ebea2508999a5fa2680b3c217e8217912455255f"
"bld/redcap/resources/fase_2_ditetiske_afvigelser/2026-05-20T11-37-41.parquet" = "80cf0ca2c52035046835e42a8c520f1801ec7b3de3f040820640dfc0a4d33c49"
"bld/redcap/resources/fase_3_ditetiske_afvigelser/2026-05-20T11-37-41.parquet" = "244f279ca5bca62305b5182301664342da551a5eb89eb760feeddf4ad9175a6b"
"bld/redcap/resources/foer_besoegsdag_2/2026-05-20T11-37-41.parquet" = "82ad08907fb9c6b4f03b91cfcb0e6d45f273368f30a448bc4d53dbc509faa4a7"
"bld/redcap/resources/foer_besoegsdag_3/2026-05-20T11-37-41.parquet" = "0bbc59e8fd1111eac3e180d4b631f46ed3cb4deac7f0d62893f18c74015408c3"
"bld/redcap/resources/foer_besoegsdag_4/2026-05-20T11-37-41.parquet" = "515a96c13912686729679482ba6db7c526d74ded6f4b8e8865a752a9e3e32a3c"
"bld/redcap/resources/fr_besgsdag_1_screening/2026-05-20T11-37-41.parquet" = "13d1212d590def060ba75099a4549f7248bc94cbb08b1b89877592b61a6c544d"
"bld/redcap/resources/fr_besgsdag_5/2026-05-20T11-37-41.parquet" = "d9cc95717f3d633e3a5459a7d8aa592de71596d1034731cf49f676f257907143"
"bld/redcap/resources/fr_besgsdag_5_9bba/2026-05-20T11-37-41.parquet" = "46703bb49b04e0aa000c73f870ef24de82bbaf0df0372c2e436b640807912d38"
"bld/redcap/resources/fr_besgsdag_6/2026-05-20T11-37-41.parquet" = "0697b80523247eca014e2acca3e97efd01ba88c60cf6690f9689ed6fb033cc18"
"bld/redcap/resources/fr_besgsdag_7/2026-05-20T11-37-41.parquet" = "7dec7822fa7295b4c03d734aee68bd224924340287dfd029208fb7a4c9cfd8d6"
"bld/redcap/resources/fr_besgsdag_8/2026-05-20T11-37-41.parquet" = "93d400a89570ddd1d741312b5ad1b610eaa454ab648ee7621b46b19db66354b0"
"bld/redcap/resources/fr_besgsdag_9/2026-05-20T11-37-41.parquet" = "b35865cb47d7b166f2104f155d98cd8637aef21ab9c97c64ff7563827556034c"
"bld/redcap/resources/gruppemde_uge_1/2026-05-20T11-37-41.parquet" = "cfd20617532813ea4c13c55eb64eaf4da1ed97c6143cea8027f5ee789bf11d3e"
"bld/redcap/resources/gruppemde_uge_11/2026-05-20T11-37-41.parquet" = "07442860c3404d30e896638d2bc66d7e21e9d1bd9eb6eafbd8382d4cac7edf3a"
"bld/redcap/resources/gruppemde_uge_13/2026-05-20T11-37-41.parquet" = "14f76be788df96b8a9d8b259ac56b2f89f5c66b07b016887d74fa6fe4039f9a2"
"bld/redcap/resources/gruppemde_uge_15/2026-05-20T11-37-41.parquet" = "594e61579e56a78af19d7e13bd7cc0c237b2fff27db97dfbe82632ce1177a76c"
"bld/redcap/resources/gruppemde_uge_17/2026-05-20T11-37-41.parquet" = "fec65b8aff8eb9571bb5a90c10704521af90ff8af427a9a18dea586619c7d32a"
"bld/redcap/resources/gruppemde_uge_18/2026-05-20T11-37-41.parquet" = "6b30dc255d5ba14dd8b04a6fb8c45bfa85c35dccbb4df8375d5e8e2093a48b6c"
"bld/redcap/resources/gruppemde_uge_3/2026-05-20T11-37-41.parquet" = "c2ad2b9dea686cc8def6f5ad4e8d34b3fbf2415f0f825c695ba255e4edd31bb0"
"bld/redcap/resources/gruppemde_uge_5/2026-05-20T11-37-41.parquet" = "9f48889d2cc46952620baa103ffbd83b81ca08e8b645e983d05c947e82343386"
"bld/redcap/resources/gruppemde_uge_7/2026-05-20T11-37-41.parquet" = "eac82d90b7b5bb6fa25b453795a83100be59ddee0439c65dff264fbf4013ea8b"
"bld/redcap/resources/gruppemde_uge_9/2026-05-20T11-37-41.parquet" = "9aa2b52d69c6941638ea0c299f892420baaabc565bda65d0b805e8ba6aa6d01a"
"bld/redcap/resources/hba1c_follow_up/2026-05-20T11-37-41.parquet" = "9b418609176a8fcb80067f50c4afd1a9717e95915ec797d64bb9328e6f3afcbf"
"bld/redcap/resources/hba1c_uge_30/2026-05-20T11-37-41.parquet" = "6ea98aafe116a26e338ac6b3f8ed9bd0590c504bb1619172578e1894c7d9153c"
"bld/redcap/resources/hba1c_uge_42/2026-05-20T11-37-41.parquet" = "eed1a7ba34b766d3571f28eb2fabe93a8556fc3bfdd0369f0a08f32cb5842836"
"bld/redcap/resources/individuel_ditistsamtale_1/2026-05-20T11-37-41.parquet" = "c01d4d18cc0f1cbf4997d8dc7bef49e176b95985c466b0f7dad9a7c542b5aae3"
"bld/redcap/resources/individuel_ditistsamtale_2/2026-05-20T11-37-41.parquet" = "eb0ac94fa486e2174857f7586c2e7a345da3fd4e87ea2a3f4d8ceb37d7ff710d"
"bld/redcap/resources/individuel_ditistsamtale_3/2026-05-20T11-37-41.parquet" = "13c4a8aa733612635c1d1d497c2bd5bda9a4f4450aa79d598a6d67c31a0be913"
"bld/redcap/resources/individuel_ditistsamtale_4/2026-05-20T11-37-41.parquet" = "7f503a521f39f6c32a52601651d48766692907798aaf913c7f58d977cab48ad6"
"bld/redcap/resources/item_bodily_distress_syndrome_checklist/2026-05-20T11-37-41.parquet" = "75118cbdcc4b50463839ce4265cd78100636ef9258f54cd4f6cd8f11e0155a9e"
"bld/redcap/resources/medicine_changes/2026-05-20T11-37-41.parquet" = "7703dae2d39e7ddf6163ad95ec602870ba82227062d93e885a0ac330d3929db0"
"bld/redcap/resources/physical_and_mental_health_sf12/2026-05-20T11-37-41.parquet" = "39638202ad20537a3a5de217bbb40542bb0389fff5dd23992ad63d4396a07dc7"
"bld/redcap/resources/pittsburgh_sleep_quality_index_psqi/2026-05-20T11-37-41.parquet" = "6b798875a8842d8516ef5a5968dba1b79ffee0b061f0e7e5931e6226cf11c980"
"bld/redcap/resources/prscreening_telefoninterview_frste_kontakt/2026-05-20T11-37-41.parquet" = "74b59cc7c5f3728fae1824c238ea9400144040db3b229f58b2f78c9cf88daf22"
"bld/redcap/resources/randomisering/2026-05-20T11-37-41.parquet" = "9e8cbf5af026593b4696e4a6ae858d6a669226312ca39b7f4eb625a3bfd7cd47"
"bld/redcap/resources/sefnc_baseline_v4/2026-05-20T11-37-41.parquet" = "d383962d3fd87209826915f97d0d6d78a1f4b010961281a9a6bd52a8ed06f576"
"bld/redcap/resources/sefnc_week12_v6/2026-05-20T11-37-41.parquet" = "93367c3b6290090c794715d5bd9b69c9a198ad1682875133a91ac08b5ffcc3b6"
"bld/redcap/resources/selfefficacy_for_nutrition_change_sefnc_week_52/2026-05-20T11-37-41.parquet" = "e86d4d0abf1933bc2aba900c9f7aaeaf7f4ca50d9b4df92c734ee91552bbae11"
"bld/redcap/resources/social_support_for_eating_habits/2026-05-20T11-37-41.parquet" = "23eb77003c581ea9aede0cc88aa72f72bac73eccb044dd79bfa736b37804ee96"
"bld/redcap/resources/sociodemografiske_karakteristika/2026-05-20T11-37-41.parquet" = "a14c1e98226f44769961cc23fecd9382701d61514dab83bff8f96c77b23b6cab"
"bld/redcap/resources/sociodemografiske_karakteristika_short/2026-05-20T11-37-41.parquet" = "9f438a868dab17ac7b24c91fa540f407965fc23cd4fd48db3bf18ab7989cba44"
"bld/redcap/resources/stamdata/2026-05-20T11-37-41.parquet" = "f8ba15409164d0d8f1bef1f4d9c2e3df0be1d66b9f14c3c8868a26140dcb8f57"
"bld/redcap/resources/the_three_item_loneliness_scale_tils/2026-05-20T11-37-41.parquet" = "f6dfc02d4f7341b0ccbade0dff53de4a6f52baa3a98bbb2f1cb0cb924721875d"
"bld/redcap/resources/tobacco_and_nicotine_use/2026-05-20T11-37-41.parquet" = "80c76c5f861ca7b5770cc401d306cf9c73032d15ce5cb14132a1a6520eb39390"
"bld/redcap/resources/trningsafvigelser/2026-05-20T11-37-41.parquet" = "05eee543407e030049746eb393eb7dd57dcf930d35ad6090932764778c1e396f"
"bld/redcap/resources/vas_120_min/2026-05-20T11-37-41.parquet" = "7422b262d2ed64af9c6c5171d312678c3b7394ccbfc65bf026f0d08c409b48b0"
"bld/redcap/resources/vas_180_min/2026-05-20T11-37-41.parquet" = "df3a52a3f0f6f1d0fd433a30e63a0287c5c563ecfcda41f8c561a3ea92657de9"
"bld/redcap/resources/vas_240_min/2026-05-20T11-37-41.parquet" = "8089f2608636ad40ab5650dea167520b6cf10d80ef32cae18abe560d184f85f7"
"bld/redcap/resources/vas_30min/2026-05-20T11-37-41.parquet" = "65d08d14a2e98c67326934db5cef24a4bd437f63201e0bdfbb0cf3e290789a0d"
"bld/redcap/resources/vas_60min/2026-05-20T11-37-41.parquet" = "ba11d78306cd94b5654db7eefc8d5b03455febb0c84592d6f10420a6929ac7ec"
"bld/redcap/resources/vas_90_min/2026-05-20T11-37-41.parquet" = "da98008d1968eb0678edec0b61dec41835e0deb9a0a24f344b41f05f812ae14c"
"bld/redcap/resources/vas_minus10/2026-05-20T11-37-41.parquet" = "1f93e8221fa420def9f99992bc0642421b9af9a38d27928c448dee0d5890bc4d"
"bld/redcap/resources/yale_food_addiction_scale_yfas/2026-05-20T11-37-41.parquet" = "eb332ec8effab565a47eee70a88c498576bc2263e0b0add120590736f37c4d34"
